// !$*UTF8*$!
{
	archiveVersion = 1;
	classes = {
	};
	objectVersion = 46;
	objects = {

/* Begin PBXBuildFile section */
		6F1720AA1BDBA7C800D36D89 /* NotesData.plist in Resources */ = {isa = PBXBuildFile; fileRef = 6F1720A91BDBA7C800D36D89 /* NotesData.plist */; };
		6F1720AD1BDBB42200D36D89 /* TextEditingView.m in Sources */ = {isa = PBXBuildFile; fileRef = 6F1720AC1BDBB42200D36D89 /* TextEditingView.m */; };
		6F7992AF1BDB2AB60028B227 /* main.m in Sources */ = {isa = PBXBuildFile; fileRef = 6F7992AE1BDB2AB60028B227 /* main.m */; };
		6F7992B21BDB2AB60028B227 /* AppDelegate.m in Sources */ = {isa = PBXBuildFile; fileRef = 6F7992B11BDB2AB60028B227 /* AppDelegate.m */; };
		6F7992B51BDB2AB60028B227 /* SimpleNotes.xcdatamodeld in Sources */ = {isa = PBXBuildFile; fileRef = 6F7992B31BDB2AB60028B227 /* SimpleNotes.xcdatamodeld */; };
		6F7992BB1BDB2AB60028B227 /* Main.storyboard in Resources */ = {isa = PBXBuildFile; fileRef = 6F7992B91BDB2AB60028B227 /* Main.storyboard */; };
		6F7992BD1BDB2AB60028B227 /* Images.xcassets in Resources */ = {isa = PBXBuildFile; fileRef = 6F7992BC1BDB2AB60028B227 /* Images.xcassets */; };
		6F7992C01BDB2AB60028B227 /* LaunchScreen.xib in Resources */ = {isa = PBXBuildFile; fileRef = 6F7992BE1BDB2AB60028B227 /* LaunchScreen.xib */; };
		6F7992CC1BDB2AB70028B227 /* SimpleNotesTests.m in Sources */ = {isa = PBXBuildFile; fileRef = 6F7992CB1BDB2AB70028B227 /* SimpleNotesTests.m */; };
		6F7992DD1BDB2DCE0028B227 /* RootNav.m in Sources */ = {isa = PBXBuildFile; fileRef = 6F7992DC1BDB2DCE0028B227 /* RootNav.m */; };
		6F7992E01BDB2E150028B227 /* NoteLists.m in Sources */ = {isa = PBXBuildFile; fileRef = 6F7992DF1BDB2E150028B227 /* NoteLists.m */; };
		6F9056641BDFA226000A6840 /* dataBase.m in Sources */ = {isa = PBXBuildFile; fileRef = 6F9056631BDFA226000A6840 /* dataBase.m */; };
/* End PBXBuildFile section */

/* Begin PBXContainerItemProxy section */
		6F7992C61BDB2AB70028B227 /* PBXContainerItemProxy */ = {
			isa = PBXContainerItemProxy;
			containerPortal = 6F7992A11BDB2AB60028B227 /* Project object */;
			proxyType = 1;
			remoteGlobalIDString = 6F7992A81BDB2AB60028B227;
			remoteInfo = SimpleNotes;
		};
/* End PBXContainerItemProxy section */

/* Begin PBXFileReference section */
		6F1720A91BDBA7C800D36D89 /* NotesData.plist */ = {isa = PBXFileReference; fileEncoding = 4; lastKnownFileType = text.plist.xml; path = NotesData.plist; sourceTree = "<group>"; };
		6F1720AB1BDBB42200D36D89 /* TextEditingView.h */ = {isa = PBXFileReference; fileEncoding = 4; lastKnownFileType = sourcecode.c.h; name = TextEditingView.h; path = SimpleNotes.xcodeproj/../TextEditingView.h; sourceTree = SOURCE_ROOT; };
		6F1720AC1BDBB42200D36D89 /* TextEditingView.m */ = {isa = PBXFileReference; fileEncoding = 4; lastKnownFileType = sourcecode.c.objc; name = TextEditingView.m; path = SimpleNotes.xcodeproj/../TextEditingView.m; sourceTree = SOURCE_ROOT; };
		6F7992A91BDB2AB60028B227 /* SimpleNotes.app */ = {isa = PBXFileReference; explicitFileType = wrapper.application; includeInIndex = 0; path = SimpleNotes.app; sourceTree = BUILT_PRODUCTS_DIR; };
		6F7992AD1BDB2AB60028B227 /* Info.plist */ = {isa = PBXFileReference; lastKnownFileType = text.plist.xml; path = Info.plist; sourceTree = "<group>"; };
		6F7992AE1BDB2AB60028B227 /* main.m */ = {isa = PBXFileReference; lastKnownFileType = sourcecode.c.objc; path = main.m; sourceTree = "<group>"; };
		6F7992B01BDB2AB60028B227 /* AppDelegate.h */ = {isa = PBXFileReference; lastKnownFileType = sourcecode.c.h; path = AppDelegate.h; sourceTree = "<group>"; };
		6F7992B11BDB2AB60028B227 /* AppDelegate.m */ = {isa = PBXFileReference; lastKnownFileType = sourcecode.c.objc; path = AppDelegate.m; sourceTree = "<group>"; };
		6F7992B41BDB2AB60028B227 /* SimpleNotes.xcdatamodel */ = {isa = PBXFileReference; lastKnownFileType = wrapper.xcdatamodel; path = SimpleNotes.xcdatamodel; sourceTree = "<group>"; };
		6F7992BA1BDB2AB60028B227 /* Base */ = {isa = PBXFileReference; lastKnownFileType = file.storyboard; name = Base; path = Base.lproj/Main.storyboard; sourceTree = "<group>"; };
		6F7992BC1BDB2AB60028B227 /* Images.xcassets */ = {isa = PBXFileReference; lastKnownFileType = folder.assetcatalog; path = Images.xcassets; sourceTree = "<group>"; };
		6F7992BF1BDB2AB60028B227 /* Base */ = {isa = PBXFileReference; lastKnownFileType = file.xib; name = Base; path = Base.lproj/LaunchScreen.xib; sourceTree = "<group>"; };
		6F7992C51BDB2AB70028B227 /* SimpleNotesTests.xctest */ = {isa = PBXFileReference; explicitFileType = wrapper.cfbundle; includeInIndex = 0; path = SimpleNotesTests.xctest; sourceTree = BUILT_PRODUCTS_DIR; };
		6F7992CA1BDB2AB70028B227 /* Info.plist */ = {isa = PBXFileReference; lastKnownFileType = text.plist.xml; path = Info.plist; sourceTree = "<group>"; };
		6F7992CB1BDB2AB70028B227 /* SimpleNotesTests.m */ = {isa = PBXFileReference; lastKnownFileType = sourcecode.c.objc; path = SimpleNotesTests.m; sourceTree = "<group>"; };
		6F7992DB1BDB2DCE0028B227 /* RootNav.h */ = {isa = PBXFileReference; fileEncoding = 4; lastKnownFileType = sourcecode.c.h; path = RootNav.h; sourceTree = "<group>"; };
		6F7992DC1BDB2DCE0028B227 /* RootNav.m */ = {isa = PBXFileReference; fileEncoding = 4; lastKnownFileType = sourcecode.c.objc; path = RootNav.m; sourceTree = "<group>"; };
		6F7992DE1BDB2E150028B227 /* NoteLists.h */ = {isa = PBXFileReference; fileEncoding = 4; lastKnownFileType = sourcecode.c.h; path = NoteLists.h; sourceTree = "<group>"; };
		6F7992DF1BDB2E150028B227 /* NoteLists.m */ = {isa = PBXFileReference; fileEncoding = 4; lastKnownFileType = sourcecode.c.objc; path = NoteLists.m; sourceTree = "<group>"; };
		6F9056621BDFA226000A6840 /* dataBase.h */ = {isa = PBXFileReference; fileEncoding = 4; lastKnownFileType = sourcecode.c.h; name = dataBase.h; path = SimpleNotes.xcodeproj/../SimpleNotes/dataBase.h; sourceTree = "<group>"; };
		6F9056631BDFA226000A6840 /* dataBase.m */ = {isa = PBXFileReference; fileEncoding = 4; lastKnownFileType = sourcecode.c.objc; name = dataBase.m; path = SimpleNotes.xcodeproj/../SimpleNotes/dataBase.m; sourceTree = "<group>"; };
/* End PBXFileReference section */

/* Begin PBXFrameworksBuildPhase section */
		6F7992A61BDB2AB60028B227 /* Frameworks */ = {
			isa = PBXFrameworksBuildPhase;
			buildActionMask = 2147483647;
			files = (
			);
			runOnlyForDeploymentPostprocessing = 0;
		};
		6F7992C21BDB2AB70028B227 /* Frameworks */ = {
			isa = PBXFrameworksBuildPhase;
			buildActionMask = 2147483647;
			files = (
			);
			runOnlyForDeploymentPostprocessing = 0;
		};
/* End PBXFrameworksBuildPhase section */

/* Begin PBXGroup section */
		6F7992A01BDB2AB60028B227 = {
			isa = PBXGroup;
			children = (
				6F9056611BDFA218000A6840 /* dataBase */,
				6F7992AB1BDB2AB60028B227 /* SimpleNotes */,
				6F7992C81BDB2AB70028B227 /* SimpleNotesTests */,
				6F7992AA1BDB2AB60028B227 /* Products */,
			);
			sourceTree = "<group>";
		};
		6F7992AA1BDB2AB60028B227 /* Products */ = {
			isa = PBXGroup;
			children = (
				6F7992A91BDB2AB60028B227 /* SimpleNotes.app */,
				6F7992C51BDB2AB70028B227 /* SimpleNotesTests.xctest */,
			);
			name = Products;
			sourceTree = "<group>";
		};
		6F7992AB1BDB2AB60028B227 /* SimpleNotes */ = {
			isa = PBXGroup;
			children = (
				6F1720AB1BDBB42200D36D89 /* TextEditingView.h */,
				6F1720AC1BDBB42200D36D89 /* TextEditingView.m */,
				6F7992B01BDB2AB60028B227 /* AppDelegate.h */,
				6F7992B11BDB2AB60028B227 /* AppDelegate.m */,
				6F7992DE1BDB2E150028B227 /* NoteLists.h */,
				6F7992DF1BDB2E150028B227 /* NoteLists.m */,
				6F7992DB1BDB2DCE0028B227 /* RootNav.h */,
				6F7992DC1BDB2DCE0028B227 /* RootNav.m */,
				6F7992B91BDB2AB60028B227 /* Main.storyboard */,
				6F7992BC1BDB2AB60028B227 /* Images.xcassets */,
				6F7992BE1BDB2AB60028B227 /* LaunchScreen.xib */,
				6F7992B31BDB2AB60028B227 /* SimpleNotes.xcdatamodeld */,
				6F7992AC1BDB2AB60028B227 /* Supporting Files */,
			);
			path = SimpleNotes;
			sourceTree = "<group>";
		};
		6F7992AC1BDB2AB60028B227 /* Supporting Files */ = {
			isa = PBXGroup;
			children = (
				6F7992AD1BDB2AB60028B227 /* Info.plist */,
				6F7992AE1BDB2AB60028B227 /* main.m */,
				6F1720A91BDBA7C800D36D89 /* NotesData.plist */,
			);
			name = "Supporting Files";
			sourceTree = "<group>";
		};
		6F7992C81BDB2AB70028B227 /* SimpleNotesTests */ = {
			isa = PBXGroup;
			children = (
				6F7992CB1BDB2AB70028B227 /* SimpleNotesTests.m */,
				6F7992C91BDB2AB70028B227 /* Supporting Files */,
			);
			path = SimpleNotesTests;
			sourceTree = "<group>";
		};
		6F7992C91BDB2AB70028B227 /* Supporting Files */ = {
			isa = PBXGroup;
			children = (
				6F7992CA1BDB2AB70028B227 /* Info.plist */,
			);
			name = "Supporting Files";
			sourceTree = "<group>";
		};
		6F9056611BDFA218000A6840 /* dataBase */ = {
			isa = PBXGroup;
			children = (
				6F9056621BDFA226000A6840 /* dataBase.h */,
				6F9056631BDFA226000A6840 /* dataBase.m */,
			);
			name = dataBase;
			sourceTree = "<group>";
		};
/* End PBXGroup section */

/* Begin PBXNativeTarget section */
		6F7992A81BDB2AB60028B227 /* SimpleNotes */ = {
			isa = PBXNativeTarget;
			buildConfigurationList = 6F7992CF1BDB2AB70028B227 /* Build configuration list for PBXNativeTarget "SimpleNotes" */;
			buildPhases = (
				6F7992A51BDB2AB60028B227 /* Sources */,
				6F7992A61BDB2AB60028B227 /* Frameworks */,
				6F7992A71BDB2AB60028B227 /* Resources */,
			);
			buildRules = (
			);
			dependencies = (
			);
			name = SimpleNotes;
			productName = SimpleNotes;
			productReference = 6F7992A91BDB2AB60028B227 /* SimpleNotes.app */;
			productType = "com.apple.product-type.application";
		};
		6F7992C41BDB2AB70028B227 /* SimpleNotesTests */ = {
			isa = PBXNativeTarget;
			buildConfigurationList = 6F7992D21BDB2AB70028B227 /* Build configuration list for PBXNativeTarget "SimpleNotesTests" */;
			buildPhases = (
				6F7992C11BDB2AB70028B227 /* Sources */,
				6F7992C21BDB2AB70028B227 /* Frameworks */,
				6F7992C31BDB2AB70028B227 /* Resources */,
			);
			buildRules = (
			);
			dependencies = (
				6F7992C71BDB2AB70028B227 /* PBXTargetDependency */,
			);
			name = SimpleNotesTests;
			productName = SimpleNotesTests;
			productReference = 6F7992C51BDB2AB70028B227 /* SimpleNotesTests.xctest */;
			productType = "com.apple.product-type.bundle.unit-test";
		};
/* End PBXNativeTarget section */

/* Begin PBXProject section */
		6F7992A11BDB2AB60028B227 /* Project object */ = {
			isa = PBXProject;
			attributes = {
				LastUpgradeCheck = 0630;
				ORGANIZATIONNAME = BluesJiang;
				TargetAttributes = {
					6F7992A81BDB2AB60028B227 = {
						CreatedOnToolsVersion = 6.3.2;
						DevelopmentTeam = C2E7L29F76;
					};
					6F7992C41BDB2AB70028B227 = {
						CreatedOnToolsVersion = 6.3.2;
						TestTargetID = 6F7992A81BDB2AB60028B227;
					};
				};
			};
			buildConfigurationList = 6F7992A41BDB2AB60028B227 /* Build configuration list for PBXProject "SimpleNotes" */;
			compatibilityVersion = "Xcode 3.2";
			developmentRegion = English;
			hasScannedForEncodings = 0;
			knownRegions = (
				en,
				Base,
			);
			mainGroup = 6F7992A01BDB2AB60028B227;
			productRefGroup = 6F7992AA1BDB2AB60028B227 /* Products */;
			projectDirPath = "";
			projectRoot = "";
			targets = (
				6F7992A81BDB2AB60028B227 /* SimpleNotes */,
				6F7992C41BDB2AB70028B227 /* SimpleNotesTests */,
			);
		};
/* End PBXProject section */

/* Begin PBXResourcesBuildPhase section */
		6F7992A71BDB2AB60028B227 /* Resources */ = {
			isa = PBXResourcesBuildPhase;
			buildActionMask = 2147483647;
			files = (
				6F1720AA1BDBA7C800D36D89 /* NotesData.plist in Resources */,
				6F7992BB1BDB2AB60028B227 /* Main.storyboard in Resources */,
				6F7992C01BDB2AB60028B227 /* LaunchScreen.xib in Resources */,
				6F7992BD1BDB2AB60028B227 /* Images.xcassets in Resources */,
			);
			runOnlyForDeploymentPostprocessing = 0;
		};
		6F7992C31BDB2AB70028B227 /* Resources */ = {
			isa = PBXResourcesBuildPhase;
			buildActionMask = 2147483647;
			files = (
			);
			runOnlyForDeploymentPostprocessing = 0;
		};
/* End PBXResourcesBuildPhase section */

/* Begin PBXSourcesBuildPhase section */
		6F7992A51BDB2AB60028B227 /* Sources */ = {
			isa = PBXSourcesBuildPhase;
			buildActionMask = 2147483647;
			files = (
				6F7992B21BDB2AB60028B227 /* AppDelegate.m in Sources */,
				6F7992DD1BDB2DCE0028B227 /* RootNav.m in Sources */,
				6F1720AD1BDBB42200D36D89 /* TextEditingView.m in Sources */,
				6F7992AF1BDB2AB60028B227 /* main.m in Sources */,
				6F7992B51BDB2AB60028B227 /* SimpleNotes.xcdatamodeld in Sources */,
				6F7992E01BDB2E150028B227 /* NoteLists.m in Sources */,
				6F9056641BDFA226000A6840 /* dataBase.m in Sources */,
			);
			runOnlyForDeploymentPostprocessing = 0;
		};
		6F7992C11BDB2AB70028B227 /* Sources */ = {
			isa = PBXSourcesBuildPhase;
			buildActionMask = 2147483647;
			files = (
				6F7992CC1BDB2AB70028B227 /* SimpleNotesTests.m in Sources */,
			);
			runOnlyForDeploymentPostprocessing = 0;
		};
/* End PBXSourcesBuildPhase section */

/* Begin PBXTargetDependency section */
		6F7992C71BDB2AB70028B227 /* PBXTargetDependency */ = {
			isa = PBXTargetDependency;
			target = 6F7992A81BDB2AB60028B227 /* SimpleNotes */;
			targetProxy = 6F7992C61BDB2AB70028B227 /* PBXContainerItemProxy */;
		};
/* End PBXTargetDependency section */

/* Begin PBXVariantGroup section */
		6F7992B91BDB2AB60028B227 /* Main.storyboard */ = {
			isa = PBXVariantGroup;
			children = (
				6F7992BA1BDB2AB60028B227 /* Base */,
			);
			name = Main.storyboard;
			sourceTree = "<group>";
		};
		6F7992BE1BDB2AB60028B227 /* LaunchScreen.xib */ = {
			isa = PBXVariantGroup;
			children = (
				6F7992BF1BDB2AB60028B227 /* Base */,
			);
			name = LaunchScreen.xib;
			sourceTree = "<group>";
		};
/* End PBXVariantGroup section */

/* Begin XCBuildConfiguration section */
		6F7992CD1BDB2AB70028B227 /* Debug */ = {
			isa = XCBuildConfiguration;
			buildSettings = {
				ALWAYS_SEARCH_USER_PATHS = NO;
				CLANG_CXX_LANGUAGE_STANDARD = "gnu++0x";
				CLANG_CXX_LIBRARY = "libc++";
				CLANG_ENABLE_MODULES = YES;
				CLANG_ENABLE_OBJC_ARC = YES;
				CLANG_WARN_BOOL_CONVERSION = YES;
				CLANG_WARN_CONSTANT_CONVERSION = YES;
				CLANG_WARN_DIRECT_OBJC_ISA_USAGE = YES_ERROR;
				CLANG_WARN_EMPTY_BODY = YES;
				CLANG_WARN_ENUM_CONVERSION = YES;
				CLANG_WARN_INT_CONVERSION = YES;
				CLANG_WARN_OBJC_ROOT_CLASS = YES_ERROR;
				CLANG_WARN_UNREACHABLE_CODE = YES;
				CLANG_WARN__DUPLICATE_METHOD_MATCH = YES;
				"CODE_SIGN_IDENTITY[sdk=iphoneos*]" = "iPhone Developer";
				COPY_PHASE_STRIP = NO;
				DEBUG_INFORMATION_FORMAT = "dwarf-with-dsym";
				ENABLE_STRICT_OBJC_MSGSEND = YES;
				GCC_C_LANGUAGE_STANDARD = gnu99;
				GCC_DYNAMIC_NO_PIC = NO;
				GCC_NO_COMMON_BLOCKS = YES;
				GCC_OPTIMIZATION_LEVEL = 0;
				GCC_PREPROCESSOR_DEFINITIONS = (
					"DEBUG=1",
					"$(inherited)",
				);
				GCC_SYMBOLS_PRIVATE_EXTERN = NO;
				GCC_WARN_64_TO_32_BIT_CONVERSION = YES;
				GCC_WARN_ABOUT_RETURN_TYPE = YES_ERROR;
				GCC_WARN_UNDECLARED_SELECTOR = YES;
				GCC_WARN_UNINITIALIZED_AUTOS = YES_AGGRESSIVE;
				GCC_WARN_UNUSED_FUNCTION = YES;
				GCC_WARN_UNUSED_VARIABLE = YES;
				IPHONEOS_DEPLOYMENT_TARGET = 8.3;
				MTL_ENABLE_DEBUG_INFO = YES;
				ONLY_ACTIVE_ARCH = YES;
				SDKROOT = iphoneos;
				TARGETED_DEVICE_FAMILY = "1,2";
			};
			name = Debug;
		};
		6F7992CE1BDB2AB70028B227 /* Release */ = {
			isa = XCBuildConfiguration;
			buildSettings = {
				ALWAYS_SEARCH_USER_PATHS = NO;
				CLANG_CXX_LANGUAGE_STANDARD = "gnu++0x";
				CLANG_CXX_LIBRARY = "libc++";
				CLANG_ENABLE_MODULES = YES;
				CLANG_ENABLE_OBJC_ARC = YES;
				CLANG_WARN_BOOL_CONVERSION = YES;
				CLANG_WARN_CONSTANT_CONVERSION = YES;
				CLANG_WARN_DIRECT_OBJC_ISA_USAGE = YES_ERROR;
				CLANG_WARN_EMPTY_BODY = YES;
				CLANG_WARN_ENUM_CONVERSION = YES;
				CLANG_WARN_INT_CONVERSION = YES;
				CLANG_WARN_OBJC_ROOT_CLASS = YES_ERROR;
				CLANG_WARN_UNREACHABLE_CODE = YES;
				CLANG_WARN__DUPLICATE_METHOD_MATCH = YES;
				"CODE_SIGN_IDENTITY[sdk=iphoneos*]" = "iPhone Developer";
				COPY_PHASE_STRIP = NO;
				DEBUG_INFORMATION_FORMAT = "dwarf-with-dsym";
				ENABLE_NS_ASSERTIONS = NO;
				ENABLE_STRICT_OBJC_MSGSEND = YES;
				GCC_C_LANGUAGE_STANDARD = gnu99;
				GCC_NO_COMMON_BLOCKS = YES;
				GCC_WARN_64_TO_32_BIT_CONVERSION = YES;
				GCC_WARN_ABOUT_RETURN_TYPE = YES_ERROR;
				GCC_WARN_UNDECLARED_SELECTOR = YES;
				GCC_WARN_UNINITIALIZED_AUTOS = YES_AGGRESSIVE;
				GCC_WARN_UNUSED_FUNCTION = YES;
				GCC_WARN_UNUSED_VARIABLE = YES;
				IPHONEOS_DEPLOYMENT_TARGET = 8.3;
				MTL_ENABLE_DEBUG_INFO = NO;
				SDKROOT = iphoneos;
				TARGETED_DEVICE_FAMILY = "1,2";
				VALIDATE_PRODUCT = YES;
			};
			name = Release;
		};
		6F7992D01BDB2AB70028B227 /* Debug */ = {
			isa = XCBuildConfiguration;
			buildSettings = {
				ASSETCATALOG_COMPILER_APPICON_NAME = AppIcon;
				CODE_SIGN_IDENTITY = "iPhone Developer";
				"CODE_SIGN_IDENTITY[sdk=iphoneos*]" = "iPhone Developer";
				INFOPLIST_FILE = SimpleNotes/Info.plist;
				LD_RUNPATH_SEARCH_PATHS = "$(inherited) @executable_path/Frameworks";
				PRODUCT_NAME = "$(TARGET_NAME)";
				PROVISIONING_PROFILE = "";
			};
			name = Debug;
		};
		6F7992D11BDB2AB70028B227 /* Release */ = {
			isa = XCBuildConfiguration;
			buildSettings = {
				ASSETCATALOG_COMPILER_APPICON_NAME = AppIcon;
				CODE_SIGN_IDENTITY = "iPhone Developer";
				"CODE_SIGN_IDENTITY[sdk=iphoneos*]" = "iPhone Developer";
				INFOPLIST_FILE = SimpleNotes/Info.plist;
				LD_RUNPATH_SEARCH_PATHS = "$(inherited) @executable_path/Frameworks";
				PRODUCT_NAME = "$(TARGET_NAME)";
				PROVISIONING_PROFILE = "";
			};
			name = Release;
		};
		6F7992D31BDB2AB70028B227 /* Debug */ = {
			isa = XCBuildConfiguration;
			buildSettings = {
				BUNDLE_LOADER = "$(TEST_HOST)";
				FRAMEWORK_SEARCH_PATHS = (
					"$(SDKROOT)/Developer/Library/Frameworks",
					"$(inherited)",
				);
				GCC_PREPROCESSOR_DEFINITIONS = (
					"DEBUG=1",
					"$(inherited)",
				);
				INFOPLIST_FILE = SimpleNotesTests/Info.plist;
				LD_RUNPATH_SEARCH_PATHS = "$(inherited) @executable_path/Frameworks @loader_path/Frameworks";
				PRODUCT_NAME = "$(TARGET_NAME)";
				TEST_HOST = "$(BUILT_PRODUCTS_DIR)/SimpleNotes.app/SimpleNotes";
			};
			name = Debug;
		};
		6F7992D41BDB2AB70028B227 /* Release */ = {
			isa = XCBuildConfiguration;
			buildSettings = {
				BUNDLE_LOADER = "$(TEST_HOST)";
				FRAMEWORK_SEARCH_PATHS = (
					"$(SDKROOT)/Developer/Library/Frameworks",
					"$(inherited)",
				);
				INFOPLIST_FILE = SimpleNotesTests/Info.plist;
				LD_RUNPATH_SEARCH_PATHS = "$(inherited) @executable_path/Frameworks @loader_path/Frameworks";
				PRODUCT_NAME = "$(TARGET_NAME)";
				TEST_HOST = "$(BUILT_PRODUCTS_DIR)/SimpleNotes.app/SimpleNotes";
			};
			name = Release;
		};
/* End XCBuildConfiguration section */

/* Begin XCConfigurationList section */
		6F7992A41BDB2AB60028B227 /* Build configuration list for PBXProject "SimpleNotes" */ = {
			isa = XCConfigurationList;
			buildConfigurations = (
				6F7992CD1BDB2AB70028B227 /* Debug */,
				6F7992CE1BDB2AB70028B227 /* Release */,
			);
			defaultConfigurationIsVisible = 0;
			defaultConfigurationName = Release;
		};
		6F7992CF1BDB2AB70028B227 /* Build configuration list for PBXNativeTarget "SimpleNotes" */ = {
			isa = XCConfigurationList;
			buildConfigurations = (
				6F7992D01BDB2AB70028B227 /* Debug */,
				6F7992D11BDB2AB70028B227 /* Release */,
			);
			defaultConfigurationIsVisible = 0;
			defaultConfigurationName = Release;
		};
		6F7992D21BDB2AB70028B227 /* Build configuration list for PBXNativeTarget "SimpleNotesTests" */ = {
			isa = XCConfigurationList;
			buildConfigurations = (
				6F7992D31BDB2AB70028B227 /* Debug */,
				6F7992D41BDB2AB70028B227 /* Release */,
			);
			defaultConfigurationIsVisible = 0;
			defaultConfigurationName = Release;
		};
/* End XCConfigurationList section */

/* Begin XCVersionGroup section */
		6F7992B31BDB2AB60028B227 /* SimpleNotes.xcdatamodeld */ = {
			isa = XCVersionGroup;
			children = (
				6F7992B41BDB2AB60028B227 /* SimpleNotes.xcdatamodel */,
			);
			currentVersion = 6F7992B41BDB2AB60028B227 /* SimpleNotes.xcdatamodel */;
			path = SimpleNotes.xcdatamodeld;
			sourceTree = "<group>";
			versionGroupType = wrapper.xcdatamodel;
		};
/* End XCVersionGroup section */
	};
	rootObject = 6F7992A11BDB2AB60028B227 /* Project object */;
}
